// !$*UTF8*$!
{
	archiveVersion = 1;
	classes = {
	};
	objectVersion = 77;
	objects = {

/* Begin PBXBuildFile section */
		F00503BB2DE6423A00362B00 /* KeychainSwift in Frameworks */ = {isa = PBXBuildFile; productRef = F00503BA2DE6423A00362B00 /* KeychainSwift */; };
		F0056F882E5D79AA00732830 /* ShareExtension.appex in Embed Foundation Extensions */ = {isa = PBXBuildFile; fileRef = F0056F7E2E5D79AA00732830 /* ShareExtension.appex */; settings = {ATTRIBUTES = (RemoveHeadersOnCopy, ); }; };
		F00927A52DF1A76500A61A93 /* AppRouter in Frameworks */ = {isa = PBXBuildFile; productRef = F00927A42DF1A76500A61A93 /* AppRouter */; };
		F009A3ED2E4D17CF0005FD3C /* FirebaseAnalytics in Frameworks */ = {isa = PBXBuildFile; productRef = F009A3EC2E4D17CF0005FD3C /* FirebaseAnalytics */; };
		F022E1852E35629400612E14 /* WebImageExtractor in Frameworks */ = {isa = PBXBuildFile; productRef = F022E1842E35629400612E14 /* WebImageExtractor */; };
		F07C481B2E5B433B00369888 /* GoogleService-Info-Analytics-Dev.plist in Resources */ = {isa = PBXBuildFile; fileRef = F07C481A2E5B433B00369888 /* GoogleService-Info-Analytics-Dev.plist */; };
		F0B5F5BC2DEA3D5D00FD79BD /* SDWebImageSwiftUI in Frameworks */ = {isa = PBXBuildFile; productRef = F0B5F5BB2DEA3D5D00FD79BD /* SDWebImageSwiftUI */; };
		F0B84CAB2DD71B6C0007E370 /* ATMacro in Frameworks */ = {isa = PBXBuildFile; productRef = F0B84CAA2DD71B6C0007E370 /* ATMacro */; };
		F0B84CAD2DD71B6C0007E370 /* ATProtoKit in Frameworks */ = {isa = PBXBuildFile; productRef = F0B84CAC2DD71B6C0007E370 /* ATProtoKit */; };
		F0DC6A472E198598005C392D /* GoogleService-Info.plist in Resources */ = {isa = PBXBuildFile; fileRef = F0DC6A462E198597005C392D /* GoogleService-Info.plist */; };
		F0E5D4D52E4FBE6D0061C91C /* GoogleService-Info-Analytics.plist in Resources */ = {isa = PBXBuildFile; fileRef = F0E5D4D42E4FBE6D0061C91C /* GoogleService-Info-Analytics.plist */; };
		F0E832082E571F5100B802BE /* JWTKit in Frameworks */ = {isa = PBXBuildFile; productRef = F0E832072E571F5100B802BE /* JWTKit */; };
		F0E832172E57355300B802BE /* ATIdentityTools in Frameworks */ = {isa = PBXBuildFile; productRef = F0E832162E57355300B802BE /* ATIdentityTools */; };
		F0E832192E57355300B802BE /* DIDCore in Frameworks */ = {isa = PBXBuildFile; productRef = F0E832182E57355300B802BE /* DIDCore */; };
		F0E8321C2E57383B00B802BE /* ATCryptography in Frameworks */ = {isa = PBXBuildFile; productRef = F0E8321B2E57383B00B802BE /* ATCryptography */; };
		F0F1234D2E0F400000BC679A /* FirebaseCore in Frameworks */ = {isa = PBXBuildFile; productRef = F0F1234C2E0F400000BC679A /* FirebaseCore */; };
		F0F123512E0F400000BC679A /* FirebaseFunctions in Frameworks */ = {isa = PBXBuildFile; productRef = F0F123502E0F400000BC679A /* FirebaseFunctions */; };
/* End PBXBuildFile section */

/* Begin PBXContainerItemProxy section */
		F0056F862E5D79AA00732830 /* PBXContainerItemProxy */ = {
			isa = PBXContainerItemProxy;
			containerPortal = F0B84C902DD71AF30007E370 /* Project object */;
			proxyType = 1;
			remoteGlobalIDString = F0056F7D2E5D79AA00732830;
			remoteInfo = ShareExtension;
		};
/* End PBXContainerItemProxy section */

/* Begin PBXCopyFilesBuildPhase section */
		F0056F6B2E5CF56A00732830 /* Embed Foundation Extensions */ = {
			isa = PBXCopyFilesBuildPhase;
			buildActionMask = 2147483647;
			dstPath = "";
			dstSubfolderSpec = 13;
			files = (
				F0056F882E5D79AA00732830 /* ShareExtension.appex in Embed Foundation Extensions */,
			);
			name = "Embed Foundation Extensions";
			runOnlyForDeploymentPostprocessing = 0;
		};
/* End PBXCopyFilesBuildPhase section */

/* Begin PBXFileReference section */
		F0056F7E2E5D79AA00732830 /* ShareExtension.appex */ = {isa = PBXFileReference; explicitFileType = "wrapper.app-extension"; includeInIndex = 0; path = ShareExtension.appex; sourceTree = BUILT_PRODUCTS_DIR; };
		F07C481A2E5B433B00369888 /* GoogleService-Info-Analytics-Dev.plist */ = {isa = PBXFileReference; lastKnownFileType = text.plist.xml; path = "GoogleService-Info-Analytics-Dev.plist"; sourceTree = "<group>"; };
		F0B84C982DD71AF30007E370 /* Limit.app */ = {isa = PBXFileReference; explicitFileType = wrapper.application; includeInIndex = 0; path = Limit.app; sourceTree = BUILT_PRODUCTS_DIR; };
		F0BC66752E0F267300BC679A /* Local.xcconfig */ = {isa = PBXFileReference; lastKnownFileType = text.xcconfig; path = Local.xcconfig; sourceTree = "<group>"; };
		F0DC6A462E198597005C392D /* GoogleService-Info.plist */ = {isa = PBXFileReference; lastKnownFileType = text.plist.xml; path = "GoogleService-Info.plist"; sourceTree = "<group>"; };
		F0E5D4D42E4FBE6D0061C91C /* GoogleService-Info-Analytics.plist */ = {isa = PBXFileReference; lastKnownFileType = text.plist.xml; path = "GoogleService-Info-Analytics.plist"; sourceTree = "<group>"; };
		F0G123442E0F500000BC679A /* GoogleService-Info.plist */ = {isa = PBXFileReference; lastKnownFileType = text.plist.xml; path = "GoogleService-Info.plist"; sourceTree = "<group>"; };
/* End PBXFileReference section */

/* Begin PBXFileSystemSynchronizedBuildFileExceptionSet section */
		F0056F8C2E5D79AA00732830 /* Exceptions for "ShareExtension" folder in "ShareExtension" target */ = {
			isa = PBXFileSystemSynchronizedBuildFileExceptionSet;
			membershipExceptions = (
				Info.plist,
			);
			target = F0056F7D2E5D79AA00732830 /* ShareExtension */;
		};
		F06ACC752E4A134600895F32 /* Exceptions for "Limit" folder in "Limit" target */ = {
			isa = PBXFileSystemSynchronizedBuildFileExceptionSet;
			membershipExceptions = (
				Info.plist,
			);
			target = F0B84C972DD71AF30007E370 /* Limit */;
		};
/* End PBXFileSystemSynchronizedBuildFileExceptionSet section */

/* Begin PBXFileSystemSynchronizedRootGroup section */
		F0056F7F2E5D79AA00732830 /* ShareExtension */ = {
			isa = PBXFileSystemSynchronizedRootGroup;
			exceptions = (
				F0056F8C2E5D79AA00732830 /* Exceptions for "ShareExtension" folder in "ShareExtension" target */,
			);
			path = ShareExtension;
			sourceTree = "<group>";
		};
		F0B84C9A2DD71AF30007E370 /* Limit */ = {
			isa = PBXFileSystemSynchronizedRootGroup;
			exceptions = (
				F06ACC752E4A134600895F32 /* Exceptions for "Limit" folder in "Limit" target */,
			);
			path = Limit;
			sourceTree = "<group>";
		};
/* End PBXFileSystemSynchronizedRootGroup section */

/* Begin PBXFrameworksBuildPhase section */
		F0056F7B2E5D79AA00732830 /* Frameworks */ = {
			isa = PBXFrameworksBuildPhase;
			buildActionMask = 2147483647;
			files = (
			);
			runOnlyForDeploymentPostprocessing = 0;
		};
		F0B84C952DD71AF30007E370 /* Frameworks */ = {
			isa = PBXFrameworksBuildPhase;
			buildActionMask = 2147483647;
			files = (
				F00503BB2DE6423A00362B00 /* KeychainSwift in Frameworks */,
				F0B5F5BC2DEA3D5D00FD79BD /* SDWebImageSwiftUI in Frameworks */,
				F0B84CAB2DD71B6C0007E370 /* ATMacro in Frameworks */,
				F00927A52DF1A76500A61A93 /* AppRouter in Frameworks */,
				F0B84CAD2DD71B6C0007E370 /* ATProtoKit in Frameworks */,
				F0E832082E571F5100B802BE /* JWTKit in Frameworks */,
				F0E832172E57355300B802BE /* ATIdentityTools in Frameworks */,
				F0F1234D2E0F400000BC679A /* FirebaseCore in Frameworks */,
				F022E1852E35629400612E14 /* WebImageExtractor in Frameworks */,
				F0E832192E57355300B802BE /* DIDCore in Frameworks */,
				F0F123512E0F400000BC679A /* FirebaseFunctions in Frameworks */,
				F009A3ED2E4D17CF0005FD3C /* FirebaseAnalytics in Frameworks */,
				F0E8321C2E57383B00B802BE /* ATCryptography in Frameworks */,
			);
			runOnlyForDeploymentPostprocessing = 0;
		};
/* End PBXFrameworksBuildPhase section */

/* Begin PBXGroup section */
		F009A3EB2E4D17CF0005FD3C /* Frameworks */ = {
			isa = PBXGroup;
			children = (
			);
			name = Frameworks;
			sourceTree = "<group>";
		};
		F09195762E192FB2006B537F /* Recovered References */ = {
			isa = PBXGroup;
			children = (
				F0G123442E0F500000BC679A /* GoogleService-Info.plist */,
			);
			name = "Recovered References";
			sourceTree = "<group>";
		};
		F0B84C8F2DD71AF30007E370 = {
			isa = PBXGroup;
			children = (
				F0B84C9A2DD71AF30007E370 /* Limit */,
				F0056F7F2E5D79AA00732830 /* ShareExtension */,
				F0B84C992DD71AF30007E370 /* Products */,
				F0BC66752E0F267300BC679A /* Local.xcconfig */,
				F09195762E192FB2006B537F /* Recovered References */,
				F0DC6A462E198597005C392D /* GoogleService-Info.plist */,
				F07C481A2E5B433B00369888 /* GoogleService-Info-Analytics-Dev.plist */,
				F0E5D4D42E4FBE6D0061C91C /* GoogleService-Info-Analytics.plist */,
				F009A3EB2E4D17CF0005FD3C /* Frameworks */,
			);
			sourceTree = "<group>";
		};
		F0B84C992DD71AF30007E370 /* Products */ = {
			isa = PBXGroup;
			children = (
				F0B84C982DD71AF30007E370 /* Limit.app */,
				F0056F7E2E5D79AA00732830 /* ShareExtension.appex */,
			);
			name = Products;
			sourceTree = "<group>";
		};
/* End PBXGroup section */

/* Begin PBXNativeTarget section */
		F0056F7D2E5D79AA00732830 /* ShareExtension */ = {
			isa = PBXNativeTarget;
			buildConfigurationList = F0056F892E5D79AA00732830 /* Build configuration list for PBXNativeTarget "ShareExtension" */;
			buildPhases = (
				F0056F7A2E5D79AA00732830 /* Sources */,
				F0056F7B2E5D79AA00732830 /* Frameworks */,
				F0056F7C2E5D79AA00732830 /* Resources */,
			);
			buildRules = (
			);
			dependencies = (
			);
			fileSystemSynchronizedGroups = (
				F0056F7F2E5D79AA00732830 /* ShareExtension */,
			);
			name = ShareExtension;
			packageProductDependencies = (
			);
			productName = ShareExtension;
			productReference = F0056F7E2E5D79AA00732830 /* ShareExtension.appex */;
			productType = "com.apple.product-type.app-extension";
		};
		F0B84C972DD71AF30007E370 /* Limit */ = {
			isa = PBXNativeTarget;
			buildConfigurationList = F0B84CA32DD71AF50007E370 /* Build configuration list for PBXNativeTarget "Limit" */;
			buildPhases = (
				F0B84C942DD71AF30007E370 /* Sources */,
				F0B84C952DD71AF30007E370 /* Frameworks */,
				F0B84C962DD71AF30007E370 /* Resources */,
				F0056F6B2E5CF56A00732830 /* Embed Foundation Extensions */,
			);
			buildRules = (
			);
			dependencies = (
				F0056F872E5D79AA00732830 /* PBXTargetDependency */,
			);
			fileSystemSynchronizedGroups = (
				F0B84C9A2DD71AF30007E370 /* Limit */,
			);
			name = Limit;
			packageProductDependencies = (
				F0B84CAA2DD71B6C0007E370 /* ATMacro */,
				F0B84CAC2DD71B6C0007E370 /* ATProtoKit */,
				F00503BA2DE6423A00362B00 /* KeychainSwift */,
				F0B5F5BB2DEA3D5D00FD79BD /* SDWebImageSwiftUI */,
				F00927A42DF1A76500A61A93 /* AppRouter */,
				F0F1234C2E0F400000BC679A /* FirebaseCore */,
				F0F123502E0F400000BC679A /* FirebaseFunctions */,
				F022E1842E35629400612E14 /* WebImageExtractor */,
				F009A3EC2E4D17CF0005FD3C /* FirebaseAnalytics */,
				F0E832072E571F5100B802BE /* JWTKit */,
				F0E832162E57355300B802BE /* ATIdentityTools */,
				F0E832182E57355300B802BE /* DIDCore */,
				F0E8321B2E57383B00B802BE /* ATCryptography */,
			);
			productName = Limit;
			productReference = F0B84C982DD71AF30007E370 /* Limit.app */;
			productType = "com.apple.product-type.application";
		};
/* End PBXNativeTarget section */

/* Begin PBXProject section */
		F0B84C902DD71AF30007E370 /* Project object */ = {
			isa = PBXProject;
			attributes = {
				BuildIndependentTargetsInParallel = 1;
				LastSwiftUpdateCheck = 1640;
				LastUpgradeCheck = 1630;
				TargetAttributes = {
					F0056F7D2E5D79AA00732830 = {
						CreatedOnToolsVersion = 16.4;
					};
					F0B84C972DD71AF30007E370 = {
						CreatedOnToolsVersion = 16.3;
					};
				};
			};
			buildConfigurationList = F0B84C932DD71AF30007E370 /* Build configuration list for PBXProject "Limit" */;
			developmentRegion = en;
			hasScannedForEncodings = 0;
			knownRegions = (
				en,
				Base,
			);
			mainGroup = F0B84C8F2DD71AF30007E370;
			minimizedProjectReferenceProxies = 1;
			packageReferences = (
				F0B84CA92DD71B6C0007E370 /* XCRemoteSwiftPackageReference "ATProtoKit" */,
				F00503B92DE6423A00362B00 /* XCRemoteSwiftPackageReference "keychain-swift" */,
				F0B5F5BA2DEA3D5D00FD79BD /* XCRemoteSwiftPackageReference "SDWebImageSwiftUI" */,
				F00927A32DF1A76500A61A93 /* XCRemoteSwiftPackageReference "AppRouter" */,
				F0F123492E0F400000BC679A /* XCRemoteSwiftPackageReference "firebase-ios-sdk" */,
				F022E1832E35629400612E14 /* XCLocalSwiftPackageReference "Packages/WebImageExtractor" */,
				F0E832062E571F5100B802BE /* XCRemoteSwiftPackageReference "jwt-kit" */,
				F0E832152E57355300B802BE /* XCRemoteSwiftPackageReference "ATIdentityTools" */,
				F0E8321A2E57383B00B802BE /* XCRemoteSwiftPackageReference "ATCryptography" */,
			);
			preferredProjectObjectVersion = 77;
			productRefGroup = F0B84C992DD71AF30007E370 /* Products */;
			projectDirPath = "";
			projectRoot = "";
			targets = (
				F0B84C972DD71AF30007E370 /* Limit */,
				F0056F7D2E5D79AA00732830 /* ShareExtension */,
			);
		};
/* End PBXProject section */

/* Begin PBXResourcesBuildPhase section */
		F0056F7C2E5D79AA00732830 /* Resources */ = {
			isa = PBXResourcesBuildPhase;
			buildActionMask = 2147483647;
			files = (
			);
			runOnlyForDeploymentPostprocessing = 0;
		};
		F0B84C962DD71AF30007E370 /* Resources */ = {
			isa = PBXResourcesBuildPhase;
			buildActionMask = 2147483647;
			files = (
				F0E5D4D52E4FBE6D0061C91C /* GoogleService-Info-Analytics.plist in Resources */,
				F0DC6A472E198598005C392D /* GoogleService-Info.plist in Resources */,
				F07C481B2E5B433B00369888 /* GoogleService-Info-Analytics-Dev.plist in Resources */,
			);
			runOnlyForDeploymentPostprocessing = 0;
		};
/* End PBXResourcesBuildPhase section */

/* Begin PBXSourcesBuildPhase section */
		F0056F7A2E5D79AA00732830 /* Sources */ = {
			isa = PBXSourcesBuildPhase;
			buildActionMask = 2147483647;
			files = (
			);
			runOnlyForDeploymentPostprocessing = 0;
		};
		F0B84C942DD71AF30007E370 /* Sources */ = {
			isa = PBXSourcesBuildPhase;
			buildActionMask = 2147483647;
			files = (
			);
			runOnlyForDeploymentPostprocessing = 0;
		};
/* End PBXSourcesBuildPhase section */

/* Begin PBXTargetDependency section */
		F0056F872E5D79AA00732830 /* PBXTargetDependency */ = {
			isa = PBXTargetDependency;
			target = F0056F7D2E5D79AA00732830 /* ShareExtension */;
			targetProxy = F0056F862E5D79AA00732830 /* PBXContainerItemProxy */;
		};
/* End PBXTargetDependency section */

/* Begin XCBuildConfiguration section */
		F0056F8A2E5D79AA00732830 /* Debug */ = {
			isa = XCBuildConfiguration;
			buildSettings = {
				CODE_SIGN_ENTITLEMENTS = ShareExtension/ShareExtensionDebug.entitlements;
				CODE_SIGN_IDENTITY = "Apple Development";
				CODE_SIGN_STYLE = Automatic;
				CURRENT_PROJECT_VERSION = 1;
				DEVELOPMENT_TEAM = 6U9V38M6H4;
				GENERATE_INFOPLIST_FILE = YES;
				INFOPLIST_FILE = ShareExtension/Info.plist;
				INFOPLIST_KEY_CFBundleDisplayName = ShareExtension;
				INFOPLIST_KEY_NSHumanReadableCopyright = "";
				IPHONEOS_DEPLOYMENT_TARGET = 18.5;
				LD_RUNPATH_SEARCH_PATHS = (
					"$(inherited)",
					"@executable_path/Frameworks",
					"@executable_path/../../Frameworks",
				);
				MARKETING_VERSION = 1.0;
				PRODUCT_BUNDLE_IDENTIFIER = P24L.Limit.dev.ShareExtension;
				PRODUCT_NAME = "$(TARGET_NAME)";
				SKIP_INSTALL = YES;
				SWIFT_EMIT_LOC_STRINGS = YES;
				SWIFT_VERSION = 5.0;
				TARGETED_DEVICE_FAMILY = "1,2";
			};
			name = Debug;
		};
		F0056F8B2E5D79AA00732830 /* Release */ = {
			isa = XCBuildConfiguration;
			buildSettings = {
				CODE_SIGN_ENTITLEMENTS = ShareExtension/ShareExtension.entitlements;
				CODE_SIGN_IDENTITY = "Apple Development";
				CODE_SIGN_STYLE = Automatic;
				CURRENT_PROJECT_VERSION = 1;
				DEVELOPMENT_TEAM = 6U9V38M6H4;
				GENERATE_INFOPLIST_FILE = YES;
				INFOPLIST_FILE = ShareExtension/Info.plist;
				INFOPLIST_KEY_CFBundleDisplayName = ShareExtension;
				INFOPLIST_KEY_NSHumanReadableCopyright = "";
				IPHONEOS_DEPLOYMENT_TARGET = 18.5;
				LD_RUNPATH_SEARCH_PATHS = (
					"$(inherited)",
					"@executable_path/Frameworks",
					"@executable_path/../../Frameworks",
				);
				MARKETING_VERSION = 1.0;
				PRODUCT_BUNDLE_IDENTIFIER = P24L.Limit.ShareExtension;
				PRODUCT_NAME = "$(TARGET_NAME)";
				SKIP_INSTALL = YES;
				SWIFT_EMIT_LOC_STRINGS = YES;
				SWIFT_VERSION = 5.0;
				TARGETED_DEVICE_FAMILY = "1,2";
			};
			name = Release;
		};
		F0B84CA12DD71AF50007E370 /* Debug */ = {
			isa = XCBuildConfiguration;
			baseConfigurationReference = F0BC66752E0F267300BC679A /* Local.xcconfig */;
			buildSettings = {
				ALWAYS_SEARCH_USER_PATHS = NO;
				ASSETCATALOG_COMPILER_GENERATE_SWIFT_ASSET_SYMBOL_EXTENSIONS = YES;
				CLANG_ANALYZER_NONNULL = YES;
				CLANG_ANALYZER_NUMBER_OBJECT_CONVERSION = YES_AGGRESSIVE;
				CLANG_CXX_LANGUAGE_STANDARD = "gnu++20";
				CLANG_ENABLE_MODULES = YES;
				CLANG_ENABLE_OBJC_ARC = YES;
				CLANG_ENABLE_OBJC_WEAK = YES;
				CLANG_WARN_BLOCK_CAPTURE_AUTORELEASING = YES;
				CLANG_WARN_BOOL_CONVERSION = YES;
				CLANG_WARN_COMMA = YES;
				CLANG_WARN_CONSTANT_CONVERSION = YES;
				CLANG_WARN_DEPRECATED_OBJC_IMPLEMENTATIONS = YES;
				CLANG_WARN_DIRECT_OBJC_ISA_USAGE = YES_ERROR;
				CLANG_WARN_DOCUMENTATION_COMMENTS = YES;
				CLANG_WARN_EMPTY_BODY = YES;
				CLANG_WARN_ENUM_CONVERSION = YES;
				CLANG_WARN_INFINITE_RECURSION = YES;
				CLANG_WARN_INT_CONVERSION = YES;
				CLANG_WARN_NON_LITERAL_NULL_CONVERSION = YES;
				CLANG_WARN_OBJC_IMPLICIT_RETAIN_SELF = YES;
				CLANG_WARN_OBJC_LITERAL_CONVERSION = YES;
				CLANG_WARN_OBJC_ROOT_CLASS = YES_ERROR;
				CLANG_WARN_QUOTED_INCLUDE_IN_FRAMEWORK_HEADER = YES;
				CLANG_WARN_RANGE_LOOP_ANALYSIS = YES;
				CLANG_WARN_STRICT_PROTOTYPES = YES;
				CLANG_WARN_SUSPICIOUS_MOVE = YES;
				CLANG_WARN_UNGUARDED_AVAILABILITY = YES_AGGRESSIVE;
				CLANG_WARN_UNREACHABLE_CODE = YES;
				CLANG_WARN__DUPLICATE_METHOD_MATCH = YES;
				COPY_PHASE_STRIP = NO;
				DEBUG_INFORMATION_FORMAT = dwarf;
				DEVELOPMENT_TEAM = 6U9V38M6H4;
				ENABLE_STRICT_OBJC_MSGSEND = YES;
				ENABLE_TESTABILITY = YES;
				ENABLE_USER_SCRIPT_SANDBOXING = YES;
				GCC_C_LANGUAGE_STANDARD = gnu17;
				GCC_DYNAMIC_NO_PIC = NO;
				GCC_NO_COMMON_BLOCKS = YES;
				GCC_OPTIMIZATION_LEVEL = 0;
				GCC_PREPROCESSOR_DEFINITIONS = (
					"DEBUG=1",
					"$(inherited)",
				);
				GCC_WARN_64_TO_32_BIT_CONVERSION = YES;
				GCC_WARN_ABOUT_RETURN_TYPE = YES_ERROR;
				GCC_WARN_UNDECLARED_SELECTOR = YES;
				GCC_WARN_UNINITIALIZED_AUTOS = YES_AGGRESSIVE;
				GCC_WARN_UNUSED_FUNCTION = YES;
				GCC_WARN_UNUSED_VARIABLE = YES;
				IPHONEOS_DEPLOYMENT_TARGET = 18.4;
				LOCALIZATION_PREFERS_STRING_CATALOGS = YES;
				MTL_ENABLE_DEBUG_INFO = INCLUDE_SOURCE;
				MTL_FAST_MATH = YES;
				ONLY_ACTIVE_ARCH = YES;
				SDKROOT = iphoneos;
				SWIFT_ACTIVE_COMPILATION_CONDITIONS = "DEBUG $(inherited)";
				SWIFT_OPTIMIZATION_LEVEL = "-Onone";
			};
			name = Debug;
		};
		F0B84CA22DD71AF50007E370 /* Release */ = {
			isa = XCBuildConfiguration;
			baseConfigurationReference = F0BC66752E0F267300BC679A /* Local.xcconfig */;
			buildSettings = {
				ALWAYS_SEARCH_USER_PATHS = NO;
				ASSETCATALOG_COMPILER_GENERATE_SWIFT_ASSET_SYMBOL_EXTENSIONS = YES;
				CLANG_ANALYZER_NONNULL = YES;
				CLANG_ANALYZER_NUMBER_OBJECT_CONVERSION = YES_AGGRESSIVE;
				CLANG_CXX_LANGUAGE_STANDARD = "gnu++20";
				CLANG_ENABLE_MODULES = YES;
				CLANG_ENABLE_OBJC_ARC = YES;
				CLANG_ENABLE_OBJC_WEAK = YES;
				CLANG_WARN_BLOCK_CAPTURE_AUTORELEASING = YES;
				CLANG_WARN_BOOL_CONVERSION = YES;
				CLANG_WARN_COMMA = YES;
				CLANG_WARN_CONSTANT_CONVERSION = YES;
				CLANG_WARN_DEPRECATED_OBJC_IMPLEMENTATIONS = YES;
				CLANG_WARN_DIRECT_OBJC_ISA_USAGE = YES_ERROR;
				CLANG_WARN_DOCUMENTATION_COMMENTS = YES;
				CLANG_WARN_EMPTY_BODY = YES;
				CLANG_WARN_ENUM_CONVERSION = YES;
				CLANG_WARN_INFINITE_RECURSION = YES;
				CLANG_WARN_INT_CONVERSION = YES;
				CLANG_WARN_NON_LITERAL_NULL_CONVERSION = YES;
				CLANG_WARN_OBJC_IMPLICIT_RETAIN_SELF = YES;
				CLANG_WARN_OBJC_LITERAL_CONVERSION = YES;
				CLANG_WARN_OBJC_ROOT_CLASS = YES_ERROR;
				CLANG_WARN_QUOTED_INCLUDE_IN_FRAMEWORK_HEADER = YES;
				CLANG_WARN_RANGE_LOOP_ANALYSIS = YES;
				CLANG_WARN_STRICT_PROTOTYPES = YES;
				CLANG_WARN_SUSPICIOUS_MOVE = YES;
				CLANG_WARN_UNGUARDED_AVAILABILITY = YES_AGGRESSIVE;
				CLANG_WARN_UNREACHABLE_CODE = YES;
				CLANG_WARN__DUPLICATE_METHOD_MATCH = YES;
				COPY_PHASE_STRIP = NO;
				DEBUG_INFORMATION_FORMAT = "dwarf-with-dsym";
				DEVELOPMENT_TEAM = 6U9V38M6H4;
				ENABLE_NS_ASSERTIONS = NO;
				ENABLE_STRICT_OBJC_MSGSEND = YES;
				ENABLE_USER_SCRIPT_SANDBOXING = YES;
				GCC_C_LANGUAGE_STANDARD = gnu17;
				GCC_NO_COMMON_BLOCKS = YES;
				GCC_WARN_64_TO_32_BIT_CONVERSION = YES;
				GCC_WARN_ABOUT_RETURN_TYPE = YES_ERROR;
				GCC_WARN_UNDECLARED_SELECTOR = YES;
				GCC_WARN_UNINITIALIZED_AUTOS = YES_AGGRESSIVE;
				GCC_WARN_UNUSED_FUNCTION = YES;
				GCC_WARN_UNUSED_VARIABLE = YES;
				IPHONEOS_DEPLOYMENT_TARGET = 18.4;
				LOCALIZATION_PREFERS_STRING_CATALOGS = YES;
				MTL_ENABLE_DEBUG_INFO = NO;
				MTL_FAST_MATH = YES;
				SDKROOT = iphoneos;
				SWIFT_COMPILATION_MODE = wholemodule;
				VALIDATE_PRODUCT = YES;
			};
			name = Release;
		};
		F0B84CA42DD71AF50007E370 /* Debug */ = {
			isa = XCBuildConfiguration;
			baseConfigurationReference = F0BC66752E0F267300BC679A /* Local.xcconfig */;
			buildSettings = {
				ASSETCATALOG_COMPILER_APPICON_NAME = AppIcon;
				ASSETCATALOG_COMPILER_GLOBAL_ACCENT_COLOR_NAME = AccentColor;
				CODE_SIGN_ENTITLEMENTS = Limit/Limit.entitlements;
				CODE_SIGN_IDENTITY = "Apple Development";
				CODE_SIGN_STYLE = Automatic;
				CURRENT_PROJECT_VERSION = 1.12.1;
				DEVELOPMENT_TEAM = 6U9V38M6H4;
				ENABLE_PREVIEWS = YES;
				GENERATE_INFOPLIST_FILE = YES;
				INFOPLIST_FILE = Limit/Info.plist;
				INFOPLIST_KEY_CFBundleDisplayName = Limit;
				INFOPLIST_KEY_LSApplicationCategoryType = "public.app-category.social-networking";
				INFOPLIST_KEY_UIApplicationSceneManifest_Generation = YES;
				INFOPLIST_KEY_UIApplicationSupportsIndirectInputEvents = YES;
				INFOPLIST_KEY_UILaunchScreen_Generation = YES;
				INFOPLIST_KEY_UISupportedInterfaceOrientations_iPad = "UIInterfaceOrientationPortrait UIInterfaceOrientationPortraitUpsideDown UIInterfaceOrientationLandscapeLeft UIInterfaceOrientationLandscapeRight";
				INFOPLIST_KEY_UISupportedInterfaceOrientations_iPhone = "UIInterfaceOrientationPortrait UIInterfaceOrientationLandscapeLeft UIInterfaceOrientationLandscapeRight";
				LD_RUNPATH_SEARCH_PATHS = (
					"$(inherited)",
					"@executable_path/Frameworks",
				);
				MARKETING_VERSION = 1.12;
				PRODUCT_BUNDLE_IDENTIFIER = P24L.Limit.dev;
				PRODUCT_NAME = "$(TARGET_NAME)";
				PROVISIONING_PROFILE_SPECIFIER = "";
				SUPPORTED_PLATFORMS = "iphoneos iphonesimulator";
				SUPPORTS_MACCATALYST = NO;
				SUPPORTS_MAC_DESIGNED_FOR_IPHONE_IPAD = NO;
				SUPPORTS_XR_DESIGNED_FOR_IPHONE_IPAD = NO;
				SWIFT_EMIT_LOC_STRINGS = YES;
				SWIFT_VERSION = 5.0;
				TARGETED_DEVICE_FAMILY = 1;
			};
			name = Debug;
		};
		F0B84CA52DD71AF50007E370 /* Release */ = {
			isa = XCBuildConfiguration;
			baseConfigurationReference = F0BC66752E0F267300BC679A /* Local.xcconfig */;
			buildSettings = {
				ASSETCATALOG_COMPILER_APPICON_NAME = AppIcon;
				ASSETCATALOG_COMPILER_GLOBAL_ACCENT_COLOR_NAME = AccentColor;
				CODE_SIGN_ENTITLEMENTS = Limit/LimitRelease.entitlements;
				CODE_SIGN_IDENTITY = "Apple Development";
				CODE_SIGN_STYLE = Automatic;
				CURRENT_PROJECT_VERSION = 1.12.1;
				DEVELOPMENT_TEAM = 6U9V38M6H4;
				ENABLE_PREVIEWS = YES;
				GENERATE_INFOPLIST_FILE = YES;
				INFOPLIST_FILE = Limit/Info.plist;
				INFOPLIST_KEY_CFBundleDisplayName = Limit;
				INFOPLIST_KEY_LSApplicationCategoryType = "public.app-category.social-networking";
				INFOPLIST_KEY_UIApplicationSceneManifest_Generation = YES;
				INFOPLIST_KEY_UIApplicationSupportsIndirectInputEvents = YES;
				INFOPLIST_KEY_UILaunchScreen_Generation = YES;
				INFOPLIST_KEY_UISupportedInterfaceOrientations_iPad = "UIInterfaceOrientationPortrait UIInterfaceOrientationPortraitUpsideDown UIInterfaceOrientationLandscapeLeft UIInterfaceOrientationLandscapeRight";
				INFOPLIST_KEY_UISupportedInterfaceOrientations_iPhone = "UIInterfaceOrientationPortrait UIInterfaceOrientationLandscapeLeft UIInterfaceOrientationLandscapeRight";
				LD_RUNPATH_SEARCH_PATHS = (
					"$(inherited)",
					"@executable_path/Frameworks",
				);
				MARKETING_VERSION = 1.12;
				PRODUCT_BUNDLE_IDENTIFIER = P24L.Limit;
				PRODUCT_NAME = "$(TARGET_NAME)";
				PROVISIONING_PROFILE_SPECIFIER = "";
				SUPPORTED_PLATFORMS = "iphoneos iphonesimulator";
				SUPPORTS_MACCATALYST = NO;
				SUPPORTS_MAC_DESIGNED_FOR_IPHONE_IPAD = NO;
				SUPPORTS_XR_DESIGNED_FOR_IPHONE_IPAD = NO;
				SWIFT_EMIT_LOC_STRINGS = YES;
				SWIFT_VERSION = 5.0;
				TARGETED_DEVICE_FAMILY = 1;
			};
			name = Release;
		};
/* End XCBuildConfiguration section */

/* Begin XCConfigurationList section */
		F0056F892E5D79AA00732830 /* Build configuration list for PBXNativeTarget "ShareExtension" */ = {
			isa = XCConfigurationList;
			buildConfigurations = (
				F0056F8A2E5D79AA00732830 /* Debug */,
				F0056F8B2E5D79AA00732830 /* Release */,
			);
			defaultConfigurationIsVisible = 0;
			defaultConfigurationName = Release;
		};
		F0B84C932DD71AF30007E370 /* Build configuration list for PBXProject "Limit" */ = {
			isa = XCConfigurationList;
			buildConfigurations = (
				F0B84CA12DD71AF50007E370 /* Debug */,
				F0B84CA22DD71AF50007E370 /* Release */,
			);
			defaultConfigurationIsVisible = 0;
			defaultConfigurationName = Release;
		};
		F0B84CA32DD71AF50007E370 /* Build configuration list for PBXNativeTarget "Limit" */ = {
			isa = XCConfigurationList;
			buildConfigurations = (
				F0B84CA42DD71AF50007E370 /* Debug */,
				F0B84CA52DD71AF50007E370 /* Release */,
			);
			defaultConfigurationIsVisible = 0;
			defaultConfigurationName = Release;
		};
/* End XCConfigurationList section */

/* Begin XCLocalSwiftPackageReference section */
		F022E1832E35629400612E14 /* XCLocalSwiftPackageReference "Packages/WebImageExtractor" */ = {
			isa = XCLocalSwiftPackageReference;
			relativePath = Packages/WebImageExtractor;
		};
/* End XCLocalSwiftPackageReference section */

/* Begin XCRemoteSwiftPackageReference section */
		F00503B92DE6423A00362B00 /* XCRemoteSwiftPackageReference "keychain-swift" */ = {
			isa = XCRemoteSwiftPackageReference;
			repositoryURL = "https://github.com/evgenyneu/keychain-swift.git";
			requirement = {
				kind = upToNextMajorVersion;
				minimumVersion = 24.0.0;
			};
		};
		F00927A32DF1A76500A61A93 /* XCRemoteSwiftPackageReference "AppRouter" */ = {
			isa = XCRemoteSwiftPackageReference;
			repositoryURL = "https://github.com/dimillian/AppRouter.git";
			requirement = {
				kind = upToNextMajorVersion;
				minimumVersion = 1.0.2;
			};
		};
		F0B5F5BA2DEA3D5D00FD79BD /* XCRemoteSwiftPackageReference "SDWebImageSwiftUI" */ = {
			isa = XCRemoteSwiftPackageReference;
			repositoryURL = "https://github.com/SDWebImage/SDWebImageSwiftUI.git";
			requirement = {
				kind = upToNextMajorVersion;
				minimumVersion = 3.1.3;
			};
		};
		F0B84CA92DD71B6C0007E370 /* XCRemoteSwiftPackageReference "ATProtoKit" */ = {
			isa = XCRemoteSwiftPackageReference;
			repositoryURL = "https://github.com/MasterJ93/ATProtoKit.git";
			requirement = {
				kind = upToNextMajorVersion;
				minimumVersion = 0.26.0;
			};
		};
		F0E832062E571F5100B802BE /* XCRemoteSwiftPackageReference "jwt-kit" */ = {
			isa = XCRemoteSwiftPackageReference;
			repositoryURL = "https://github.com/vapor/jwt-kit.git";
			requirement = {
				kind = upToNextMajorVersion;
				minimumVersion = 5.2.0;
			};
		};
		F0E832152E57355300B802BE /* XCRemoteSwiftPackageReference "ATIdentityTools" */ = {
			isa = XCRemoteSwiftPackageReference;
			repositoryURL = "https://github.com/ATProtoKit/ATIdentityTools.git";
			requirement = {
				kind = upToNextMajorVersion;
				minimumVersion = 0.1.1;
			};
		};
		F0E8321A2E57383B00B802BE /* XCRemoteSwiftPackageReference "ATCryptography" */ = {
			isa = XCRemoteSwiftPackageReference;
			repositoryURL = "https://github.com/ATProtoKit/ATCryptography.git";
			requirement = {
				kind = upToNextMajorVersion;
				minimumVersion = 0.2.0;
			};
		};
		F0F123492E0F400000BC679A /* XCRemoteSwiftPackageReference "firebase-ios-sdk" */ = {
			isa = XCRemoteSwiftPackageReference;
			repositoryURL = "https://github.com/firebase/firebase-ios-sdk";
			requirement = {
				kind = upToNextMajorVersion;
				minimumVersion = 11.0.0;
			};
		};
/* End XCRemoteSwiftPackageReference section */

/* Begin XCSwiftPackageProductDependency section */
		F00503BA2DE6423A00362B00 /* KeychainSwift */ = {
			isa = XCSwiftPackageProductDependency;
			package = F00503B92DE6423A00362B00 /* XCRemoteSwiftPackageReference "keychain-swift" */;
			productName = KeychainSwift;
		};
		F00927A42DF1A76500A61A93 /* AppRouter */ = {
			isa = XCSwiftPackageProductDependency;
			package = F00927A32DF1A76500A61A93 /* XCRemoteSwiftPackageReference "AppRouter" */;
			productName = AppRouter;
		};
		F009A3EC2E4D17CF0005FD3C /* FirebaseAnalytics */ = {
			isa = XCSwiftPackageProductDependency;
			package = F0F123492E0F400000BC679A /* XCRemoteSwiftPackageReference "firebase-ios-sdk" */;
			productName = FirebaseAnalytics;
		};
		F022E1842E35629400612E14 /* WebImageExtractor */ = {
			isa = XCSwiftPackageProductDependency;
			productName = WebImageExtractor;
		};
		F0B5F5BB2DEA3D5D00FD79BD /* SDWebImageSwiftUI */ = {
			isa = XCSwiftPackageProductDependency;
			package = F0B5F5BA2DEA3D5D00FD79BD /* XCRemoteSwiftPackageReference "SDWebImageSwiftUI" */;
			productName = SDWebImageSwiftUI;
		};
		F0B84CAA2DD71B6C0007E370 /* ATMacro */ = {
			isa = XCSwiftPackageProductDependency;
			package = F0B84CA92DD71B6C0007E370 /* XCRemoteSwiftPackageReference "ATProtoKit" */;
			productName = ATMacro;
		};
		F0B84CAC2DD71B6C0007E370 /* ATProtoKit */ = {
			isa = XCSwiftPackageProductDependency;
			package = F0B84CA92DD71B6C0007E370 /* XCRemoteSwiftPackageReference "ATProtoKit" */;
			productName = ATProtoKit;
		};
		F0E832072E571F5100B802BE /* JWTKit */ = {
			isa = XCSwiftPackageProductDependency;
			package = F0E832062E571F5100B802BE /* XCRemoteSwiftPackageReference "jwt-kit" */;
			productName = JWTKit;
		};
		F0E832162E57355300B802BE /* ATIdentityTools */ = {
			isa = XCSwiftPackageProductDependency;
			package = F0E832152E57355300B802BE /* XCRemoteSwiftPackageReference "ATIdentityTools" */;
			productName = ATIdentityTools;
		};
		F0E832182E57355300B802BE /* DIDCore */ = {
			isa = XCSwiftPackageProductDependency;
			package = F0E832152E57355300B802BE /* XCRemoteSwiftPackageReference "ATIdentityTools" */;
			productName = DIDCore;
		};
		F0E8321B2E57383B00B802BE /* ATCryptography */ = {
			isa = XCSwiftPackageProductDependency;
			package = F0E8321A2E57383B00B802BE /* XCRemoteSwiftPackageReference "ATCryptography" */;
			productName = ATCryptography;
		};
		F0F1234C2E0F400000BC679A /* FirebaseCore */ = {
			isa = XCSwiftPackageProductDependency;
			package = F0F123492E0F400000BC679A /* XCRemoteSwiftPackageReference "firebase-ios-sdk" */;
			productName = FirebaseCore;
		};
		F0F123502E0F400000BC679A /* FirebaseFunctions */ = {
			isa = XCSwiftPackageProductDependency;
			package = F0F123492E0F400000BC679A /* XCRemoteSwiftPackageReference "firebase-ios-sdk" */;
			productName = FirebaseFunctions;
		};
/* End XCSwiftPackageProductDependency section */
	};
	rootObject = F0B84C902DD71AF30007E370 /* Project object */;
}
